
Microsoft Visual Studio Solution File, Format Version 12.00
# Visual Studio Version 16
VisualStudioVersion = 16.0.31112.23
MinimumVisualStudioVersion = 10.0.40219.1
Project("{FAE04EC0-301F-11D3-BF4B-00C04F79EFBC}") = "YarZip", "YarZip\YarZip.csproj", "{783534F5-9D2C-454B-8279-A84857FFE904}"
EndProject
Global
	GlobalSection(SolutionConfigurationPlatforms) = preSolution
		Debug|Any CPU = Debug|Any CPU
		Release|Any CPU = Release|Any CPU
	EndGlobalSection
	GlobalSection(ProjectConfigurationPlatforms) = postSolution
		{783534F5-9D2C-454B-8279-A84857FFE904}.Debug|Any CPU.ActiveCfg = Debug|Any CPU
		{783534F5-9D2C-454B-8279-A84857FFE904}.Debug|Any CPU.Build.0 = Debug|Any CPU
		{783534F5-9D2C-454B-8279-A84857FFE904}.Release|Any CPU.ActiveCfg = Release|Any CPU
		{783534F5-9D2C-454B-8279-A84857FFE904}.Release|Any CPU.Build.0 = Release|Any CPU
	EndGlobalSection
	GlobalSection(SolutionProperties) = preSolution
		HideSolutionNode = FALSE
	EndGlobalSection
	GlobalSection(ExtensibilityGlobals) = postSolution
		SolutionGuid = {61C1E527-16ED-4454-B912-54320B4E05F1}
	EndGlobalSection
EndGlobal
